// !$*UTF8*$!
{
	archiveVersion = 1;
	classes = {
	};
	objectVersion = 48;
	objects = {

/* Begin PBXBuildFile section */
		DA0E54951FEC597E00FBD10A /* CoreDataStack.swift in Sources */ = {isa = PBXBuildFile; fileRef = DA0E54941FEC597E00FBD10A /* CoreDataStack.swift */; };
		DA3EB5451FE2FD9C0067BED1 /* UIViewExtension.swift in Sources */ = {isa = PBXBuildFile; fileRef = DA3EB5441FE2FD9C0067BED1 /* UIViewExtension.swift */; };
		DA3EB5471FE313170067BED1 /* FlickrSearchResults.swift in Sources */ = {isa = PBXBuildFile; fileRef = DA3EB5461FE313170067BED1 /* FlickrSearchResults.swift */; };
		DA48DFB31FE07DFD0016FA11 /* AppDelegate.swift in Sources */ = {isa = PBXBuildFile; fileRef = DA48DFB21FE07DFD0016FA11 /* AppDelegate.swift */; };
		DA48DFB51FE07DFD0016FA11 /* MainMapViewController.swift in Sources */ = {isa = PBXBuildFile; fileRef = DA48DFB41FE07DFD0016FA11 /* MainMapViewController.swift */; };
		DA48DFB81FE07DFD0016FA11 /* Main.storyboard in Resources */ = {isa = PBXBuildFile; fileRef = DA48DFB61FE07DFD0016FA11 /* Main.storyboard */; };
		DA48DFBB1FE07DFD0016FA11 /* DataModel.xcdatamodeld in Sources */ = {isa = PBXBuildFile; fileRef = DA48DFB91FE07DFD0016FA11 /* DataModel.xcdatamodeld */; };
		DA48DFBD1FE07DFD0016FA11 /* Assets.xcassets in Resources */ = {isa = PBXBuildFile; fileRef = DA48DFBC1FE07DFD0016FA11 /* Assets.xcassets */; };
		DA48DFC01FE07DFD0016FA11 /* LaunchScreen.storyboard in Resources */ = {isa = PBXBuildFile; fileRef = DA48DFBE1FE07DFD0016FA11 /* LaunchScreen.storyboard */; };
		DA48DFC81FE087810016FA11 /* PhotoAlbumViewController.swift in Sources */ = {isa = PBXBuildFile; fileRef = DA48DFC71FE087810016FA11 /* PhotoAlbumViewController.swift */; };
		DA48DFCF1FE17E7B0016FA11 /* FlickrConstants.swift in Sources */ = {isa = PBXBuildFile; fileRef = DA48DFCE1FE17E7B0016FA11 /* FlickrConstants.swift */; };
		DA48DFF91FE197460016FA11 /* PhotoAlbumCollectionViewCell.swift in Sources */ = {isa = PBXBuildFile; fileRef = DA48DFF81FE197460016FA11 /* PhotoAlbumCollectionViewCell.swift */; };
		DA48E0011FE1D0EE0016FA11 /* Flickr.swift in Sources */ = {isa = PBXBuildFile; fileRef = DA48DFFE1FE1D0EE0016FA11 /* Flickr.swift */; };
		DA48E0021FE1D0EE0016FA11 /* FlickrPhoto.swift in Sources */ = {isa = PBXBuildFile; fileRef = DA48DFFF1FE1D0EE0016FA11 /* FlickrPhoto.swift */; };
		DA48E0041FE1F95E0016FA11 /* GCDBlackBox.swift in Sources */ = {isa = PBXBuildFile; fileRef = DA48E0031FE1F95E0016FA11 /* GCDBlackBox.swift */; };
		DAD141222006BB81000FF532 /* Photo+CoreDataClass.swift in Sources */ = {isa = PBXBuildFile; fileRef = DAD1411E2006BB81000FF532 /* Photo+CoreDataClass.swift */; };
		DAD141232006BB81000FF532 /* Photo+CoreDataProperties.swift in Sources */ = {isa = PBXBuildFile; fileRef = DAD1411F2006BB81000FF532 /* Photo+CoreDataProperties.swift */; };
		DAD141242006BB81000FF532 /* Pin+CoreDataClass.swift in Sources */ = {isa = PBXBuildFile; fileRef = DAD141202006BB81000FF532 /* Pin+CoreDataClass.swift */; };
		DAD141252006BB81000FF532 /* Pin+CoreDataProperties.swift in Sources */ = {isa = PBXBuildFile; fileRef = DAD141212006BB81000FF532 /* Pin+CoreDataProperties.swift */; };
/* End PBXBuildFile section */

/* Begin PBXFileReference section */
		DA0E54941FEC597E00FBD10A /* CoreDataStack.swift */ = {isa = PBXFileReference; fileEncoding = 4; lastKnownFileType = sourcecode.swift; path = CoreDataStack.swift; sourceTree = "<group>"; };
		DA3EB5441FE2FD9C0067BED1 /* UIViewExtension.swift */ = {isa = PBXFileReference; lastKnownFileType = sourcecode.swift; path = UIViewExtension.swift; sourceTree = "<group>"; };
		DA3EB5461FE313170067BED1 /* FlickrSearchResults.swift */ = {isa = PBXFileReference; lastKnownFileType = sourcecode.swift; path = FlickrSearchResults.swift; sourceTree = "<group>"; };
		DA48DFAF1FE07DFD0016FA11 /* VirtualTourist.app */ = {isa = PBXFileReference; explicitFileType = wrapper.application; includeInIndex = 0; path = VirtualTourist.app; sourceTree = BUILT_PRODUCTS_DIR; };
		DA48DFB21FE07DFD0016FA11 /* AppDelegate.swift */ = {isa = PBXFileReference; lastKnownFileType = sourcecode.swift; path = AppDelegate.swift; sourceTree = "<group>"; };
		DA48DFB41FE07DFD0016FA11 /* MainMapViewController.swift */ = {isa = PBXFileReference; lastKnownFileType = sourcecode.swift; path = MainMapViewController.swift; sourceTree = "<group>"; };
		DA48DFB71FE07DFD0016FA11 /* Base */ = {isa = PBXFileReference; lastKnownFileType = file.storyboard; name = Base; path = Base.lproj/Main.storyboard; sourceTree = "<group>"; };
		DA48DFBA1FE07DFD0016FA11 /* VirtualTourist.xcdatamodel */ = {isa = PBXFileReference; lastKnownFileType = wrapper.xcdatamodel; path = VirtualTourist.xcdatamodel; sourceTree = "<group>"; };
		DA48DFBC1FE07DFD0016FA11 /* Assets.xcassets */ = {isa = PBXFileReference; lastKnownFileType = folder.assetcatalog; path = Assets.xcassets; sourceTree = "<group>"; };
		DA48DFBF1FE07DFD0016FA11 /* Base */ = {isa = PBXFileReference; lastKnownFileType = file.storyboard; name = Base; path = Base.lproj/LaunchScreen.storyboard; sourceTree = "<group>"; };
		DA48DFC11FE07DFD0016FA11 /* Info.plist */ = {isa = PBXFileReference; lastKnownFileType = text.plist.xml; path = Info.plist; sourceTree = "<group>"; };
		DA48DFC71FE087810016FA11 /* PhotoAlbumViewController.swift */ = {isa = PBXFileReference; lastKnownFileType = sourcecode.swift; path = PhotoAlbumViewController.swift; sourceTree = "<group>"; };
		DA48DFCE1FE17E7B0016FA11 /* FlickrConstants.swift */ = {isa = PBXFileReference; lastKnownFileType = sourcecode.swift; path = FlickrConstants.swift; sourceTree = "<group>"; };
		DA48DFF81FE197460016FA11 /* PhotoAlbumCollectionViewCell.swift */ = {isa = PBXFileReference; lastKnownFileType = sourcecode.swift; path = PhotoAlbumCollectionViewCell.swift; sourceTree = "<group>"; };
		DA48DFFE1FE1D0EE0016FA11 /* Flickr.swift */ = {isa = PBXFileReference; fileEncoding = 4; lastKnownFileType = sourcecode.swift; name = Flickr.swift; path = VirtualTourist/RayWenderlichTutorialFlickrFiles/Flickr.swift; sourceTree = SOURCE_ROOT; };
		DA48DFFF1FE1D0EE0016FA11 /* FlickrPhoto.swift */ = {isa = PBXFileReference; fileEncoding = 4; lastKnownFileType = sourcecode.swift; name = FlickrPhoto.swift; path = VirtualTourist/RayWenderlichTutorialFlickrFiles/FlickrPhoto.swift; sourceTree = SOURCE_ROOT; };
		DA48E0031FE1F95E0016FA11 /* GCDBlackBox.swift */ = {isa = PBXFileReference; lastKnownFileType = sourcecode.swift; path = GCDBlackBox.swift; sourceTree = "<group>"; };
		DAD1411E2006BB81000FF532 /* Photo+CoreDataClass.swift */ = {isa = PBXFileReference; lastKnownFileType = sourcecode.swift; path = "Photo+CoreDataClass.swift"; sourceTree = "<group>"; };
		DAD1411F2006BB81000FF532 /* Photo+CoreDataProperties.swift */ = {isa = PBXFileReference; lastKnownFileType = sourcecode.swift; path = "Photo+CoreDataProperties.swift"; sourceTree = "<group>"; };
		DAD141202006BB81000FF532 /* Pin+CoreDataClass.swift */ = {isa = PBXFileReference; lastKnownFileType = sourcecode.swift; path = "Pin+CoreDataClass.swift"; sourceTree = "<group>"; };
		DAD141212006BB81000FF532 /* Pin+CoreDataProperties.swift */ = {isa = PBXFileReference; lastKnownFileType = sourcecode.swift; path = "Pin+CoreDataProperties.swift"; sourceTree = "<group>"; };
/* End PBXFileReference section */

/* Begin PBXFrameworksBuildPhase section */
		DA48DFAC1FE07DFD0016FA11 /* Frameworks */ = {
			isa = PBXFrameworksBuildPhase;
			buildActionMask = 2147483647;
			files = (
			);
			runOnlyForDeploymentPostprocessing = 0;
		};
/* End PBXFrameworksBuildPhase section */

/* Begin PBXGroup section */
		DA0E54BE1FEDC06000FBD10A /* CoreData */ = {
			isa = PBXGroup;
			children = (
				DA0E54941FEC597E00FBD10A /* CoreDataStack.swift */,
				DA48DFB91FE07DFD0016FA11 /* DataModel.xcdatamodeld */,
				DAD141202006BB81000FF532 /* Pin+CoreDataClass.swift */,
				DAD1411E2006BB81000FF532 /* Photo+CoreDataClass.swift */,
				DAD141212006BB81000FF532 /* Pin+CoreDataProperties.swift */,
				DAD1411F2006BB81000FF532 /* Photo+CoreDataProperties.swift */,
			);
			path = CoreData;
			sourceTree = "<group>";
		};
		DA48DFA61FE07DFD0016FA11 = {
			isa = PBXGroup;
			children = (
				DA48DFB11FE07DFD0016FA11 /* VirtualTourist */,
				DA48DFB01FE07DFD0016FA11 /* Products */,
			);
			sourceTree = "<group>";
		};
		DA48DFB01FE07DFD0016FA11 /* Products */ = {
			isa = PBXGroup;
			children = (
				DA48DFAF1FE07DFD0016FA11 /* VirtualTourist.app */,
			);
			name = Products;
			sourceTree = "<group>";
		};
		DA48DFB11FE07DFD0016FA11 /* VirtualTourist */ = {
			isa = PBXGroup;
			children = (
				DA48DFB21FE07DFD0016FA11 /* AppDelegate.swift */,
				DA48DFFC1FE1D0D50016FA11 /* Flickr */,
				DA48DFC91FE087B30016FA11 /* Model */,
				DA48DFCA1FE087BC0016FA11 /* View */,
				DA48DFCB1FE087C20016FA11 /* Controller */,
				DA48DFBC1FE07DFD0016FA11 /* Assets.xcassets */,
				DA48DFB61FE07DFD0016FA11 /* Main.storyboard */,
				DA48DFBE1FE07DFD0016FA11 /* LaunchScreen.storyboard */,
				DA48DFC11FE07DFD0016FA11 /* Info.plist */,
			);
			path = VirtualTourist;
			sourceTree = "<group>";
		};
		DA48DFC91FE087B30016FA11 /* Model */ = {
			isa = PBXGroup;
			children = (
				DA0E54BE1FEDC06000FBD10A /* CoreData */,
				DA48E0031FE1F95E0016FA11 /* GCDBlackBox.swift */,
			);
			path = Model;
			sourceTree = "<group>";
		};
		DA48DFCA1FE087BC0016FA11 /* View */ = {
			isa = PBXGroup;
			children = (
				DA3EB5441FE2FD9C0067BED1 /* UIViewExtension.swift */,
			);
			path = View;
			sourceTree = "<group>";
		};
		DA48DFCB1FE087C20016FA11 /* Controller */ = {
			isa = PBXGroup;
			children = (
				DA48DFB41FE07DFD0016FA11 /* MainMapViewController.swift */,
				DA48DFC71FE087810016FA11 /* PhotoAlbumViewController.swift */,
				DA48DFF81FE197460016FA11 /* PhotoAlbumCollectionViewCell.swift */,
			);
			path = Controller;
			sourceTree = "<group>";
		};
		DA48DFFC1FE1D0D50016FA11 /* Flickr */ = {
			isa = PBXGroup;
			children = (
				DA48DFFE1FE1D0EE0016FA11 /* Flickr.swift */,
				DA3EB5461FE313170067BED1 /* FlickrSearchResults.swift */,
				DA48DFFF1FE1D0EE0016FA11 /* FlickrPhoto.swift */,
				DA48DFCE1FE17E7B0016FA11 /* FlickrConstants.swift */,
			);
			path = Flickr;
			sourceTree = "<group>";
		};
/* End PBXGroup section */

/* Begin PBXNativeTarget section */
		DA48DFAE1FE07DFD0016FA11 /* VirtualTourist */ = {
			isa = PBXNativeTarget;
			buildConfigurationList = DA48DFC41FE07DFD0016FA11 /* Build configuration list for PBXNativeTarget "VirtualTourist" */;
			buildPhases = (
				DA48DFAB1FE07DFD0016FA11 /* Sources */,
				DA48DFAC1FE07DFD0016FA11 /* Frameworks */,
				DA48DFAD1FE07DFD0016FA11 /* Resources */,
			);
			buildRules = (
			);
			dependencies = (
			);
			name = VirtualTourist;
			productName = VirtualTourist;
			productReference = DA48DFAF1FE07DFD0016FA11 /* VirtualTourist.app */;
			productType = "com.apple.product-type.application";
		};
/* End PBXNativeTarget section */

/* Begin PBXProject section */
		DA48DFA71FE07DFD0016FA11 /* Project object */ = {
			isa = PBXProject;
			attributes = {
				LastSwiftUpdateCheck = 0910;
				LastUpgradeCheck = 0910;
				ORGANIZATIONNAME = "Andrew Jenson";
				TargetAttributes = {
					DA48DFAE1FE07DFD0016FA11 = {
						CreatedOnToolsVersion = 9.1;
						ProvisioningStyle = Automatic;
					};
				};
			};
			buildConfigurationList = DA48DFAA1FE07DFD0016FA11 /* Build configuration list for PBXProject "VirtualTourist" */;
			compatibilityVersion = "Xcode 8.0";
			developmentRegion = en;
			hasScannedForEncodings = 0;
			knownRegions = (
				en,
				Base,
			);
			mainGroup = DA48DFA61FE07DFD0016FA11;
			productRefGroup = DA48DFB01FE07DFD0016FA11 /* Products */;
			projectDirPath = "";
			projectRoot = "";
			targets = (
				DA48DFAE1FE07DFD0016FA11 /* VirtualTourist */,
			);
		};
/* End PBXProject section */

/* Begin PBXResourcesBuildPhase section */
		DA48DFAD1FE07DFD0016FA11 /* Resources */ = {
			isa = PBXResourcesBuildPhase;
			buildActionMask = 2147483647;
			files = (
				DA48DFC01FE07DFD0016FA11 /* LaunchScreen.storyboard in Resources */,
				DA48DFBD1FE07DFD0016FA11 /* Assets.xcassets in Resources */,
				DA48DFB81FE07DFD0016FA11 /* Main.storyboard in Resources */,
			);
			runOnlyForDeploymentPostprocessing = 0;
		};
/* End PBXResourcesBuildPhase section */

/* Begin PBXSourcesBuildPhase section */
		DA48DFAB1FE07DFD0016FA11 /* Sources */ = {
			isa = PBXSourcesBuildPhase;
			buildActionMask = 2147483647;
			files = (
				DAD141232006BB81000FF532 /* Photo+CoreDataProperties.swift in Sources */,
				DA48DFB51FE07DFD0016FA11 /* MainMapViewController.swift in Sources */,
				DAD141222006BB81000FF532 /* Photo+CoreDataClass.swift in Sources */,
				DA48E0011FE1D0EE0016FA11 /* Flickr.swift in Sources */,
				DA48DFB31FE07DFD0016FA11 /* AppDelegate.swift in Sources */,
				DA48E0021FE1D0EE0016FA11 /* FlickrPhoto.swift in Sources */,
				DAD141242006BB81000FF532 /* Pin+CoreDataClass.swift in Sources */,
				DA48E0041FE1F95E0016FA11 /* GCDBlackBox.swift in Sources */,
				DA3EB5471FE313170067BED1 /* FlickrSearchResults.swift in Sources */,
				DAD141252006BB81000FF532 /* Pin+CoreDataProperties.swift in Sources */,
				DA0E54951FEC597E00FBD10A /* CoreDataStack.swift in Sources */,
				DA3EB5451FE2FD9C0067BED1 /* UIViewExtension.swift in Sources */,
				DA48DFBB1FE07DFD0016FA11 /* DataModel.xcdatamodeld in Sources */,
				DA48DFCF1FE17E7B0016FA11 /* FlickrConstants.swift in Sources */,
				DA48DFC81FE087810016FA11 /* PhotoAlbumViewController.swift in Sources */,
				DA48DFF91FE197460016FA11 /* PhotoAlbumCollectionViewCell.swift in Sources */,
			);
			runOnlyForDeploymentPostprocessing = 0;
		};
/* End PBXSourcesBuildPhase section */

/* Begin PBXVariantGroup section */
		DA48DFB61FE07DFD0016FA11 /* Main.storyboard */ = {
			isa = PBXVariantGroup;
			children = (
				DA48DFB71FE07DFD0016FA11 /* Base */,
			);
			name = Main.storyboard;
			sourceTree = "<group>";
		};
		DA48DFBE1FE07DFD0016FA11 /* LaunchScreen.storyboard */ = {
			isa = PBXVariantGroup;
			children = (
				DA48DFBF1FE07DFD0016FA11 /* Base */,
			);
			name = LaunchScreen.storyboard;
			sourceTree = "<group>";
		};
/* End PBXVariantGroup section */

/* Begin XCBuildConfiguration section */
		DA48DFC21FE07DFD0016FA11 /* Debug */ = {
			isa = XCBuildConfiguration;
			buildSettings = {
				ALWAYS_SEARCH_USER_PATHS = NO;
				CLANG_ANALYZER_NONNULL = YES;
				CLANG_ANALYZER_NUMBER_OBJECT_CONVERSION = YES_AGGRESSIVE;
				CLANG_CXX_LANGUAGE_STANDARD = "gnu++14";
				CLANG_CXX_LIBRARY = "libc++";
				CLANG_ENABLE_MODULES = YES;
				CLANG_ENABLE_OBJC_ARC = YES;
				CLANG_WARN_BLOCK_CAPTURE_AUTORELEASING = YES;
				CLANG_WARN_BOOL_CONVERSION = YES;
				CLANG_WARN_COMMA = YES;
				CLANG_WARN_CONSTANT_CONVERSION = YES;
				CLANG_WARN_DIRECT_OBJC_ISA_USAGE = YES_ERROR;
				CLANG_WARN_DOCUMENTATION_COMMENTS = YES;
				CLANG_WARN_EMPTY_BODY = YES;
				CLANG_WARN_ENUM_CONVERSION = YES;
				CLANG_WARN_INFINITE_RECURSION = YES;
				CLANG_WARN_INT_CONVERSION = YES;
				CLANG_WARN_NON_LITERAL_NULL_CONVERSION = YES;
				CLANG_WARN_OBJC_LITERAL_CONVERSION = YES;
				CLANG_WARN_OBJC_ROOT_CLASS = YES_ERROR;
				CLANG_WARN_RANGE_LOOP_ANALYSIS = YES;
				CLANG_WARN_STRICT_PROTOTYPES = YES;
				CLANG_WARN_SUSPICIOUS_MOVE = YES;
				CLANG_WARN_UNGUARDED_AVAILABILITY = YES_AGGRESSIVE;
				CLANG_WARN_UNREACHABLE_CODE = YES;
				CLANG_WARN__DUPLICATE_METHOD_MATCH = YES;
				CODE_SIGN_IDENTITY = "iPhone Developer";
				COPY_PHASE_STRIP = NO;
				DEBUG_INFORMATION_FORMAT = dwarf;
				ENABLE_STRICT_OBJC_MSGSEND = YES;
				ENABLE_TESTABILITY = YES;
				GCC_C_LANGUAGE_STANDARD = gnu11;
				GCC_DYNAMIC_NO_PIC = NO;
				GCC_NO_COMMON_BLOCKS = YES;
				GCC_OPTIMIZATION_LEVEL = 0;
				GCC_PREPROCESSOR_DEFINITIONS = (
					"DEBUG=1",
					"$(inherited)",
				);
				GCC_WARN_64_TO_32_BIT_CONVERSION = YES;
				GCC_WARN_ABOUT_RETURN_TYPE = YES_ERROR;
				GCC_WARN_UNDECLARED_SELECTOR = YES;
				GCC_WARN_UNINITIALIZED_AUTOS = YES_AGGRESSIVE;
				GCC_WARN_UNUSED_FUNCTION = YES;
				GCC_WARN_UNUSED_VARIABLE = YES;
				IPHONEOS_DEPLOYMENT_TARGET = 11.1;
				MTL_ENABLE_DEBUG_INFO = YES;
				ONLY_ACTIVE_ARCH = YES;
				SDKROOT = iphoneos;
				SWIFT_ACTIVE_COMPILATION_CONDITIONS = DEBUG;
				SWIFT_OPTIMIZATION_LEVEL = "-Onone";
			};
			name = Debug;
		};
		DA48DFC31FE07DFD0016FA11 /* Release */ = {
			isa = XCBuildConfiguration;
			buildSettings = {
				ALWAYS_SEARCH_USER_PATHS = NO;
				CLANG_ANALYZER_NONNULL = YES;
				CLANG_ANALYZER_NUMBER_OBJECT_CONVERSION = YES_AGGRESSIVE;
				CLANG_CXX_LANGUAGE_STANDARD = "gnu++14";
				CLANG_CXX_LIBRARY = "libc++";
				CLANG_ENABLE_MODULES = YES;
				CLANG_ENABLE_OBJC_ARC = YES;
				CLANG_WARN_BLOCK_CAPTURE_AUTORELEASING = YES;
				CLANG_WARN_BOOL_CONVERSION = YES;
				CLANG_WARN_COMMA = YES;
				CLANG_WARN_CONSTANT_CONVERSION = YES;
				CLANG_WARN_DIRECT_OBJC_ISA_USAGE = YES_ERROR;
				CLANG_WARN_DOCUMENTATION_COMMENTS = YES;
				CLANG_WARN_EMPTY_BODY = YES;
				CLANG_WARN_ENUM_CONVERSION = YES;
				CLANG_WARN_INFINITE_RECURSION = YES;
				CLANG_WARN_INT_CONVERSION = YES;
				CLANG_WARN_NON_LITERAL_NULL_CONVERSION = YES;
				CLANG_WARN_OBJC_LITERAL_CONVERSION = YES;
				CLANG_WARN_OBJC_ROOT_CLASS = YES_ERROR;
				CLANG_WARN_RANGE_LOOP_ANALYSIS = YES;
				CLANG_WARN_STRICT_PROTOTYPES = YES;
				CLANG_WARN_SUSPICIOUS_MOVE = YES;
				CLANG_WARN_UNGUARDED_AVAILABILITY = YES_AGGRESSIVE;
				CLANG_WARN_UNREACHABLE_CODE = YES;
				CLANG_WARN__DUPLICATE_METHOD_MATCH = YES;
				CODE_SIGN_IDENTITY = "iPhone Developer";
				COPY_PHASE_STRIP = NO;
				DEBUG_INFORMATION_FORMAT = "dwarf-with-dsym";
				ENABLE_NS_ASSERTIONS = NO;
				ENABLE_STRICT_OBJC_MSGSEND = YES;
				GCC_C_LANGUAGE_STANDARD = gnu11;
				GCC_NO_COMMON_BLOCKS = YES;
				GCC_WARN_64_TO_32_BIT_CONVERSION = YES;
				GCC_WARN_ABOUT_RETURN_TYPE = YES_ERROR;
				GCC_WARN_UNDECLARED_SELECTOR = YES;
				GCC_WARN_UNINITIALIZED_AUTOS = YES_AGGRESSIVE;
				GCC_WARN_UNUSED_FUNCTION = YES;
				GCC_WARN_UNUSED_VARIABLE = YES;
				IPHONEOS_DEPLOYMENT_TARGET = 11.1;
				MTL_ENABLE_DEBUG_INFO = NO;
				SDKROOT = iphoneos;
				SWIFT_OPTIMIZATION_LEVEL = "-Owholemodule";
				VALIDATE_PRODUCT = YES;
			};
			name = Release;
		};
		DA48DFC51FE07DFD0016FA11 /* Debug */ = {
			isa = XCBuildConfiguration;
			buildSettings = {
				ASSETCATALOG_COMPILER_APPICON_NAME = AppIcon;
				CODE_SIGN_STYLE = Automatic;
				DEVELOPMENT_TEAM = 4N25H97F3B;
				INFOPLIST_FILE = VirtualTourist/Info.plist;
				LD_RUNPATH_SEARCH_PATHS = "$(inherited) @executable_path/Frameworks";
				PRODUCT_BUNDLE_IDENTIFIER = com.andrewjenson.VirtualTourist;
				PRODUCT_NAME = "$(TARGET_NAME)";
				SWIFT_VERSION = 4.0;
				TARGETED_DEVICE_FAMILY = "1,2";
			};
			name = Debug;
		};
		DA48DFC61FE07DFD0016FA11 /* Release */ = {
			isa = XCBuildConfiguration;
			buildSettings = {
				ASSETCATALOG_COMPILER_APPICON_NAME = AppIcon;
				CODE_SIGN_STYLE = Automatic;
				DEVELOPMENT_TEAM = 4N25H97F3B;
				INFOPLIST_FILE = VirtualTourist/Info.plist;
				LD_RUNPATH_SEARCH_PATHS = "$(inherited) @executable_path/Frameworks";
				PRODUCT_BUNDLE_IDENTIFIER = com.andrewjenson.VirtualTourist;
				PRODUCT_NAME = "$(TARGET_NAME)";
				SWIFT_VERSION = 4.0;
				TARGETED_DEVICE_FAMILY = "1,2";
			};
			name = Release;
		};
/* End XCBuildConfiguration section */

/* Begin XCConfigurationList section */
		DA48DFAA1FE07DFD0016FA11 /* Build configuration list for PBXProject "VirtualTourist" */ = {
			isa = XCConfigurationList;
			buildConfigurations = (
				DA48DFC21FE07DFD0016FA11 /* Debug */,
				DA48DFC31FE07DFD0016FA11 /* Release */,
			);
			defaultConfigurationIsVisible = 0;
			defaultConfigurationName = Release;
		};
		DA48DFC41FE07DFD0016FA11 /* Build configuration list for PBXNativeTarget "VirtualTourist" */ = {
			isa = XCConfigurationList;
			buildConfigurations = (
				DA48DFC51FE07DFD0016FA11 /* Debug */,
				DA48DFC61FE07DFD0016FA11 /* Release */,
			);
			defaultConfigurationIsVisible = 0;
			defaultConfigurationName = Release;
		};
/* End XCConfigurationList section */

/* Begin XCVersionGroup section */
		DA48DFB91FE07DFD0016FA11 /* DataModel.xcdatamodeld */ = {
			isa = XCVersionGroup;
			children = (
				DA48DFBA1FE07DFD0016FA11 /* VirtualTourist.xcdatamodel */,
			);
			currentVersion = DA48DFBA1FE07DFD0016FA11 /* VirtualTourist.xcdatamodel */;
			path = DataModel.xcdatamodeld;
			sourceTree = "<group>";
			versionGroupType = wrapper.xcdatamodel;
		};
/* End XCVersionGroup section */
	};
	rootObject = DA48DFA71FE07DFD0016FA11 /* Project object */;
}
